# THIS IS AN AUTOGENERATED FILE. DO NOT EDIT THIS FILE DIRECTLY.
# yarn lockfile v1


bootstrap@^5.1.1:
  version "5.1.1"
  resolved "https://registry.yarnpkg.com/bootstrap/-/bootstrap-5.1.1.tgz#9d6eed81e08feaccedf3adaca51fe4b73a2871df"
  integrity sha512-/jUa4sSuDZWlDLQ1gwQQR8uoYSvLJzDd8m5o6bPKh3asLAMYVZKdRCjb1joUd5WXf0WwCNzd2EjwQQhupou0dA==

commander@~1.1.1:
  version "1.1.1"
  resolved "https://registry.yarnpkg.com/commander/-/commander-1.1.1.tgz#50d1651868ae60eccff0a2d9f34595376bc6b041"
  integrity sha1-UNFlGGiuYOzP8KLZ80WVN2vGsEE=
  dependencies:
    keypress "0.1.x"

jquery@^3.6.0:
  version "3.6.0"
  resolved "https://registry.yarnpkg.com/jquery/-/jquery-3.6.0.tgz#c72a09f15c1bdce142f49dbf1170bdf8adac2470"
  integrity sha512-JVzAR/AjBvVt2BmYhxRCSYysDsPcssdmTFnzyLEts9qNwmjmu4JTAMYubEfwVOSwpQ1I1sKKFcxhZCI2buerfw==

js@^0.1.0:
  version "0.1.0"
  resolved "https://registry.yarnpkg.com/js/-/js-0.1.0.tgz#e1d0afd55ea39c2b28da304e8143eaf2c133f366"
  integrity sha1-4dCv1V6jnCso2jBOgUPq8sEz82Y=
  dependencies:
    commander "~1.1.1"

keypress@0.1.x:
  version "0.1.0"
  resolved "https://registry.yarnpkg.com/keypress/-/keypress-0.1.0.tgz#4a3188d4291b66b4f65edb99f806aa9ae293592a"
  integrity sha1-SjGI1CkbZrT2XtuZ+AaqmuKTWSo=

slick@^1.12.2:
  version "1.12.2"